{
    "requires": true,
    "lockfileVersion": 1,
    "dependencies": {
        "fruitcake": {
            "version": "1.0.0",
            "resolved": "https://registry.npmjs.org/fruitcake/-/fruitcake-1.0.0.tgz",
            "integrity": "sha512-efmDRIPxwN2Zsx0TCJcdWCOi87aBXDlT2whxJ2PLDGw95HsjKWSfrzmEuGj06qexmtvJNtpZx3Kf3jXZqhIsHA=="
        }
    }
}
